
Microsoft Visual Studio Solution File, Format Version 12.00
# Visual Studio Version 16
VisualStudioVersion = 25.0.1706.11
MinimumVisualStudioVersion = 10.0.40219.1
Project("{FAE04EC0-301F-11D3-BF4B-00C04F79EFBC}") = "RSS-Reader", "RSS-Reader.csproj", "{10D2445B-57BE-4830-A394-21384BC7601D}"
EndProject
Global
	GlobalSection(SolutionConfigurationPlatforms) = preSolution
		Debug|Any CPU = Debug|Any CPU
		Release|Any CPU = Release|Any CPU
	EndGlobalSection
	GlobalSection(ProjectConfigurationPlatforms) = postSolution
		{10D2445B-57BE-4830-A394-21384BC7601D}.Debug|Any CPU.ActiveCfg = Debug|Any CPU
		{10D2445B-57BE-4830-A394-21384BC7601D}.Debug|Any CPU.Build.0 = Debug|Any CPU
		{10D2445B-57BE-4830-A394-21384BC7601D}.Release|Any CPU.ActiveCfg = Release|Any CPU
		{10D2445B-57BE-4830-A394-21384BC7601D}.Release|Any CPU.Build.0 = Release|Any CPU
	EndGlobalSection
	GlobalSection(SolutionProperties) = preSolution
		HideSolutionNode = FALSE
	EndGlobalSection
	GlobalSection(ExtensibilityGlobals) = postSolution
		SolutionGuid = {66705FBF-3882-4B7A-9883-7167D810AB91}
	EndGlobalSection
EndGlobal
